
Microsoft Visual Studio Solution File, Format Version 12.00
# Visual Studio 15
VisualStudioVersion = 15.0.26124.0
MinimumVisualStudioVersion = 15.0.26124.0
Project("{FAE04EC0-301F-11D3-BF4B-00C04F79EFBC}") = "UnitTesting", "UnitTesting\UnitTesting.csproj", "{B7614061-8CA5-43FF-942D-7DA7DDF1879D}"
EndProject
Project("{FAE04EC0-301F-11D3-BF4B-00C04F79EFBC}") = "Lab-02-401.Tests", "Lab-02-401\Lab-02-401.Tests.csproj", "{719FF7CE-108C-492F-B225-8E18B101CEB3}"
EndProject
Global
	GlobalSection(SolutionConfigurationPlatforms) = preSolution
		Debug|Any CPU = Debug|Any CPU
		Debug|x64 = Debug|x64
		Debug|x86 = Debug|x86
		Release|Any CPU = Release|Any CPU
		Release|x64 = Release|x64
		Release|x86 = Release|x86
	EndGlobalSection
	GlobalSection(SolutionProperties) = preSolution
		HideSolutionNode = FALSE
	EndGlobalSection
	GlobalSection(ProjectConfigurationPlatforms) = postSolution
		{B7614061-8CA5-43FF-942D-7DA7DDF1879D}.Debug|Any CPU.ActiveCfg = Debug|Any CPU
		{B7614061-8CA5-43FF-942D-7DA7DDF1879D}.Debug|Any CPU.Build.0 = Debug|Any CPU
		{B7614061-8CA5-43FF-942D-7DA7DDF1879D}.Debug|x64.ActiveCfg = Debug|Any CPU
		{B7614061-8CA5-43FF-942D-7DA7DDF1879D}.Debug|x64.Build.0 = Debug|Any CPU
		{B7614061-8CA5-43FF-942D-7DA7DDF1879D}.Debug|x86.ActiveCfg = Debug|Any CPU
		{B7614061-8CA5-43FF-942D-7DA7DDF1879D}.Debug|x86.Build.0 = Debug|Any CPU
		{B7614061-8CA5-43FF-942D-7DA7DDF1879D}.Release|Any CPU.ActiveCfg = Release|Any CPU
		{B7614061-8CA5-43FF-942D-7DA7DDF1879D}.Release|Any CPU.Build.0 = Release|Any CPU
		{B7614061-8CA5-43FF-942D-7DA7DDF1879D}.Release|x64.ActiveCfg = Release|Any CPU
		{B7614061-8CA5-43FF-942D-7DA7DDF1879D}.Release|x64.Build.0 = Release|Any CPU
		{B7614061-8CA5-43FF-942D-7DA7DDF1879D}.Release|x86.ActiveCfg = Release|Any CPU
		{B7614061-8CA5-43FF-942D-7DA7DDF1879D}.Release|x86.Build.0 = Release|Any CPU
		{719FF7CE-108C-492F-B225-8E18B101CEB3}.Debug|Any CPU.ActiveCfg = Debug|Any CPU
		{719FF7CE-108C-492F-B225-8E18B101CEB3}.Debug|Any CPU.Build.0 = Debug|Any CPU
		{719FF7CE-108C-492F-B225-8E18B101CEB3}.Debug|x64.ActiveCfg = Debug|Any CPU
		{719FF7CE-108C-492F-B225-8E18B101CEB3}.Debug|x64.Build.0 = Debug|Any CPU
		{719FF7CE-108C-492F-B225-8E18B101CEB3}.Debug|x86.ActiveCfg = Debug|Any CPU
		{719FF7CE-108C-492F-B225-8E18B101CEB3}.Debug|x86.Build.0 = Debug|Any CPU
		{719FF7CE-108C-492F-B225-8E18B101CEB3}.Release|Any CPU.ActiveCfg = Release|Any CPU
		{719FF7CE-108C-492F-B225-8E18B101CEB3}.Release|Any CPU.Build.0 = Release|Any CPU
		{719FF7CE-108C-492F-B225-8E18B101CEB3}.Release|x64.ActiveCfg = Release|Any CPU
		{719FF7CE-108C-492F-B225-8E18B101CEB3}.Release|x64.Build.0 = Release|Any CPU
		{719FF7CE-108C-492F-B225-8E18B101CEB3}.Release|x86.ActiveCfg = Release|Any CPU
		{719FF7CE-108C-492F-B225-8E18B101CEB3}.Release|x86.Build.0 = Release|Any CPU
	EndGlobalSection
EndGlobal
